// !$*UTF8*$!
{
	archiveVersion = 1;
	classes = {
	};
	objectVersion = 46;
	objects = {

/* Begin PBXBuildFile section */
		3846C5D61CBB97ED007C116A /* AppDelegate.swift in Sources */ = {isa = PBXBuildFile; fileRef = 3846C5D51CBB97ED007C116A /* AppDelegate.swift */; };
		3846C5D81CBB97ED007C116A /* ViewController.swift in Sources */ = {isa = PBXBuildFile; fileRef = 3846C5D71CBB97ED007C116A /* ViewController.swift */; };
		3846C5DB1CBB97EE007C116A /* Main.storyboard in Resources */ = {isa = PBXBuildFile; fileRef = 3846C5D91CBB97EE007C116A /* Main.storyboard */; };
		3846C5DD1CBB97EE007C116A /* Assets.xcassets in Resources */ = {isa = PBXBuildFile; fileRef = 3846C5DC1CBB97EE007C116A /* Assets.xcassets */; };
		3846C5E01CBB97EE007C116A /* LaunchScreen.storyboard in Resources */ = {isa = PBXBuildFile; fileRef = 3846C5DE1CBB97EE007C116A /* LaunchScreen.storyboard */; };
		38658DB41CBC09AF00BB1A3E /* bip.wav in Resources */ = {isa = PBXBuildFile; fileRef = 38658DB11CBC09AF00BB1A3E /* bip.wav */; };
		38658DB51CBC09AF00BB1A3E /* bip2.wav in Resources */ = {isa = PBXBuildFile; fileRef = 38658DB21CBC09AF00BB1A3E /* bip2.wav */; };
		38658DB61CBC09AF00BB1A3E /* bip3.wav in Resources */ = {isa = PBXBuildFile; fileRef = 38658DB31CBC09AF00BB1A3E /* bip3.wav */; };
/* End PBXBuildFile section */

/* Begin PBXFileReference section */
		3846C5D21CBB97ED007C116A /* ChronoTir.app */ = {isa = PBXFileReference; explicitFileType = wrapper.application; includeInIndex = 0; path = ChronoTir.app; sourceTree = BUILT_PRODUCTS_DIR; };
		3846C5D51CBB97ED007C116A /* AppDelegate.swift */ = {isa = PBXFileReference; lastKnownFileType = sourcecode.swift; path = AppDelegate.swift; sourceTree = "<group>"; };
		3846C5D71CBB97ED007C116A /* ViewController.swift */ = {isa = PBXFileReference; lastKnownFileType = sourcecode.swift; path = ViewController.swift; sourceTree = "<group>"; };
		3846C5DA1CBB97EE007C116A /* Base */ = {isa = PBXFileReference; lastKnownFileType = file.storyboard; name = Base; path = Base.lproj/Main.storyboard; sourceTree = "<group>"; };
		3846C5DC1CBB97EE007C116A /* Assets.xcassets */ = {isa = PBXFileReference; lastKnownFileType = folder.assetcatalog; path = Assets.xcassets; sourceTree = "<group>"; };
		3846C5DF1CBB97EE007C116A /* Base */ = {isa = PBXFileReference; lastKnownFileType = file.storyboard; name = Base; path = Base.lproj/LaunchScreen.storyboard; sourceTree = "<group>"; };
		3846C5E11CBB97EE007C116A /* Info.plist */ = {isa = PBXFileReference; lastKnownFileType = text.plist.xml; path = Info.plist; sourceTree = "<group>"; };
		38658DB11CBC09AF00BB1A3E /* bip.wav */ = {isa = PBXFileReference; lastKnownFileType = audio.wav; path = bip.wav; sourceTree = "<group>"; };
		38658DB21CBC09AF00BB1A3E /* bip2.wav */ = {isa = PBXFileReference; lastKnownFileType = audio.wav; path = bip2.wav; sourceTree = "<group>"; };
		38658DB31CBC09AF00BB1A3E /* bip3.wav */ = {isa = PBXFileReference; lastKnownFileType = audio.wav; path = bip3.wav; sourceTree = "<group>"; };
/* End PBXFileReference section */

/* Begin PBXFrameworksBuildPhase section */
		3846C5CF1CBB97ED007C116A /* Frameworks */ = {
			isa = PBXFrameworksBuildPhase;
			buildActionMask = 2147483647;
			files = (
			);
			runOnlyForDeploymentPostprocessing = 0;
		};
/* End PBXFrameworksBuildPhase section */

/* Begin PBXGroup section */
		3846C5C91CBB97ED007C116A = {
			isa = PBXGroup;
			children = (
				3846C5D41CBB97ED007C116A /* ChronoTir */,
				3846C5D31CBB97ED007C116A /* Products */,
			);
			sourceTree = "<group>";
		};
		3846C5D31CBB97ED007C116A /* Products */ = {
			isa = PBXGroup;
			children = (
				3846C5D21CBB97ED007C116A /* ChronoTir.app */,
			);
			name = Products;
			sourceTree = "<group>";
		};
		3846C5D41CBB97ED007C116A /* ChronoTir */ = {
			isa = PBXGroup;
			children = (
				3846C5D51CBB97ED007C116A /* AppDelegate.swift */,
				3846C5D71CBB97ED007C116A /* ViewController.swift */,
				3846C5D91CBB97EE007C116A /* Main.storyboard */,
				3846C5DC1CBB97EE007C116A /* Assets.xcassets */,
				3846C5DE1CBB97EE007C116A /* LaunchScreen.storyboard */,
				3846C5E11CBB97EE007C116A /* Info.plist */,
				38658DB11CBC09AF00BB1A3E /* bip.wav */,
				38658DB21CBC09AF00BB1A3E /* bip2.wav */,
				38658DB31CBC09AF00BB1A3E /* bip3.wav */,
			);
			path = ChronoTir;
			sourceTree = "<group>";
		};
/* End PBXGroup section */

/* Begin PBXNativeTarget section */
		3846C5D11CBB97ED007C116A /* ChronoTir */ = {
			isa = PBXNativeTarget;
			buildConfigurationList = 3846C5E41CBB97EE007C116A /* Build configuration list for PBXNativeTarget "ChronoTir" */;
			buildPhases = (
				3846C5CE1CBB97ED007C116A /* Sources */,
				3846C5CF1CBB97ED007C116A /* Frameworks */,
				3846C5D01CBB97ED007C116A /* Resources */,
			);
			buildRules = (
			);
			dependencies = (
			);
			name = ChronoTir;
			productName = ChronoTir;
			productReference = 3846C5D21CBB97ED007C116A /* ChronoTir.app */;
			productType = "com.apple.product-type.application";
		};
/* End PBXNativeTarget section */

/* Begin PBXProject section */
		3846C5CA1CBB97ED007C116A /* Project object */ = {
			isa = PBXProject;
			attributes = {
				LastSwiftUpdateCheck = 0730;
				LastUpgradeCheck = 0730;
				ORGANIZATIONNAME = "Nicolas CHEVALIER";
				TargetAttributes = {
					3846C5D11CBB97ED007C116A = {
						CreatedOnToolsVersion = 7.3;
						DevelopmentTeam = 4M789A86FF;
					};
				};
			};
			buildConfigurationList = 3846C5CD1CBB97ED007C116A /* Build configuration list for PBXProject "ChronoTir" */;
			compatibilityVersion = "Xcode 3.2";
			developmentRegion = English;
			hasScannedForEncodings = 0;
			knownRegions = (
				en,
				Base,
			);
			mainGroup = 3846C5C91CBB97ED007C116A;
			productRefGroup = 3846C5D31CBB97ED007C116A /* Products */;
			projectDirPath = "";
			projectRoot = "";
			targets = (
				3846C5D11CBB97ED007C116A /* ChronoTir */,
			);
		};
/* End PBXProject section */

/* Begin PBXResourcesBuildPhase section */
		3846C5D01CBB97ED007C116A /* Resources */ = {
			isa = PBXResourcesBuildPhase;
			buildActionMask = 2147483647;
			files = (
				38658DB41CBC09AF00BB1A3E /* bip.wav in Resources */,
				38658DB61CBC09AF00BB1A3E /* bip3.wav in Resources */,
				3846C5E01CBB97EE007C116A /* LaunchScreen.storyboard in Resources */,
				3846C5DD1CBB97EE007C116A /* Assets.xcassets in Resources */,
				38658DB51CBC09AF00BB1A3E /* bip2.wav in Resources */,
				3846C5DB1CBB97EE007C116A /* Main.storyboard in Resources */,
			);
			runOnlyForDeploymentPostprocessing = 0;
		};
/* End PBXResourcesBuildPhase section */

/* Begin PBXSourcesBuildPhase section */
		3846C5CE1CBB97ED007C116A /* Sources */ = {
			isa = PBXSourcesBuildPhase;
			buildActionMask = 2147483647;
			files = (
				3846C5D81CBB97ED007C116A /* ViewController.swift in Sources */,
				3846C5D61CBB97ED007C116A /* AppDelegate.swift in Sources */,
			);
			runOnlyForDeploymentPostprocessing = 0;
		};
/* End PBXSourcesBuildPhase section */

/* Begin PBXVariantGroup section */
		3846C5D91CBB97EE007C116A /* Main.storyboard */ = {
			isa = PBXVariantGroup;
			children = (
				3846C5DA1CBB97EE007C116A /* Base */,
			);
			name = Main.storyboard;
			sourceTree = "<group>";
		};
		3846C5DE1CBB97EE007C116A /* LaunchScreen.storyboard */ = {
			isa = PBXVariantGroup;
			children = (
				3846C5DF1CBB97EE007C116A /* Base */,
			);
			name = LaunchScreen.storyboard;
			sourceTree = "<group>";
		};
/* End PBXVariantGroup section */

/* Begin XCBuildConfiguration section */
		3846C5E21CBB97EE007C116A /* Debug */ = {
			isa = XCBuildConfiguration;
			buildSettings = {
				ALWAYS_SEARCH_USER_PATHS = NO;
				CLANG_ANALYZER_NONNULL = YES;
				CLANG_CXX_LANGUAGE_STANDARD = "gnu++0x";
				CLANG_CXX_LIBRARY = "libc++";
				CLANG_ENABLE_MODULES = YES;
				CLANG_ENABLE_OBJC_ARC = YES;
				CLANG_WARN_BOOL_CONVERSION = YES;
				CLANG_WARN_CONSTANT_CONVERSION = YES;
				CLANG_WARN_DIRECT_OBJC_ISA_USAGE = YES_ERROR;
				CLANG_WARN_EMPTY_BODY = YES;
				CLANG_WARN_ENUM_CONVERSION = YES;
				CLANG_WARN_INT_CONVERSION = YES;
				CLANG_WARN_OBJC_ROOT_CLASS = YES_ERROR;
				CLANG_WARN_UNREACHABLE_CODE = YES;
				CLANG_WARN__DUPLICATE_METHOD_MATCH = YES;
				"CODE_SIGN_IDENTITY[sdk=iphoneos*]" = "iPhone Developer";
				COPY_PHASE_STRIP = NO;
				DEBUG_INFORMATION_FORMAT = dwarf;
				ENABLE_STRICT_OBJC_MSGSEND = YES;
				ENABLE_TESTABILITY = YES;
				GCC_C_LANGUAGE_STANDARD = gnu99;
				GCC_DYNAMIC_NO_PIC = NO;
				GCC_NO_COMMON_BLOCKS = YES;
				GCC_OPTIMIZATION_LEVEL = 0;
				GCC_PREPROCESSOR_DEFINITIONS = (
					"DEBUG=1",
					"$(inherited)",
				);
				GCC_WARN_64_TO_32_BIT_CONVERSION = YES;
				GCC_WARN_ABOUT_RETURN_TYPE = YES_ERROR;
				GCC_WARN_UNDECLARED_SELECTOR = YES;
				GCC_WARN_UNINITIALIZED_AUTOS = YES_AGGRESSIVE;
				GCC_WARN_UNUSED_FUNCTION = YES;
				GCC_WARN_UNUSED_VARIABLE = YES;
				IPHONEOS_DEPLOYMENT_TARGET = 9.3;
				MTL_ENABLE_DEBUG_INFO = YES;
				ONLY_ACTIVE_ARCH = YES;
				SDKROOT = iphoneos;
				SWIFT_OPTIMIZATION_LEVEL = "-Onone";
				TARGETED_DEVICE_FAMILY = "1,2";
			};
			name = Debug;
		};
		3846C5E31CBB97EE007C116A /* Release */ = {
			isa = XCBuildConfiguration;
			buildSettings = {
				ALWAYS_SEARCH_USER_PATHS = NO;
				CLANG_ANALYZER_NONNULL = YES;
				CLANG_CXX_LANGUAGE_STANDARD = "gnu++0x";
				CLANG_CXX_LIBRARY = "libc++";
				CLANG_ENABLE_MODULES = YES;
				CLANG_ENABLE_OBJC_ARC = YES;
				CLANG_WARN_BOOL_CONVERSION = YES;
				CLANG_WARN_CONSTANT_CONVERSION = YES;
				CLANG_WARN_DIRECT_OBJC_ISA_USAGE = YES_ERROR;
				CLANG_WARN_EMPTY_BODY = YES;
				CLANG_WARN_ENUM_CONVERSION = YES;
				CLANG_WARN_INT_CONVERSION = YES;
				CLANG_WARN_OBJC_ROOT_CLASS = YES_ERROR;
				CLANG_WARN_UNREACHABLE_CODE = YES;
				CLANG_WARN__DUPLICATE_METHOD_MATCH = YES;
				"CODE_SIGN_IDENTITY[sdk=iphoneos*]" = "iPhone Developer";
				COPY_PHASE_STRIP = NO;
				DEBUG_INFORMATION_FORMAT = "dwarf-with-dsym";
				ENABLE_NS_ASSERTIONS = NO;
				ENABLE_STRICT_OBJC_MSGSEND = YES;
				GCC_C_LANGUAGE_STANDARD = gnu99;
				GCC_NO_COMMON_BLOCKS = YES;
				GCC_WARN_64_TO_32_BIT_CONVERSION = YES;
				GCC_WARN_ABOUT_RETURN_TYPE = YES_ERROR;
				GCC_WARN_UNDECLARED_SELECTOR = YES;
				GCC_WARN_UNINITIALIZED_AUTOS = YES_AGGRESSIVE;
				GCC_WARN_UNUSED_FUNCTION = YES;
				GCC_WARN_UNUSED_VARIABLE = YES;
				IPHONEOS_DEPLOYMENT_TARGET = 9.3;
				MTL_ENABLE_DEBUG_INFO = NO;
				SDKROOT = iphoneos;
				TARGETED_DEVICE_FAMILY = "1,2";
				VALIDATE_PRODUCT = YES;
			};
			name = Release;
		};
		3846C5E51CBB97EE007C116A /* Debug */ = {
			isa = XCBuildConfiguration;
			buildSettings = {
				ASSETCATALOG_COMPILER_APPICON_NAME = AppIcon;
				CODE_SIGN_IDENTITY = "iPhone Developer";
				INFOPLIST_FILE = ChronoTir/Info.plist;
				IPHONEOS_DEPLOYMENT_TARGET = 9.0;
				LD_RUNPATH_SEARCH_PATHS = "$(inherited) @executable_path/Frameworks";
				PRODUCT_BUNDLE_IDENTIFIER = com.niccheva.ChronoTir;
				PRODUCT_NAME = "$(TARGET_NAME)";
			};
			name = Debug;
		};
		3846C5E61CBB97EE007C116A /* Release */ = {
			isa = XCBuildConfiguration;
			buildSettings = {
				ASSETCATALOG_COMPILER_APPICON_NAME = AppIcon;
				CODE_SIGN_IDENTITY = "iPhone Developer";
				INFOPLIST_FILE = ChronoTir/Info.plist;
				IPHONEOS_DEPLOYMENT_TARGET = 9.0;
				LD_RUNPATH_SEARCH_PATHS = "$(inherited) @executable_path/Frameworks";
				PRODUCT_BUNDLE_IDENTIFIER = com.niccheva.ChronoTir;
				PRODUCT_NAME = "$(TARGET_NAME)";
			};
			name = Release;
		};
/* End XCBuildConfiguration section */

/* Begin XCConfigurationList section */
		3846C5CD1CBB97ED007C116A /* Build configuration list for PBXProject "ChronoTir" */ = {
			isa = XCConfigurationList;
			buildConfigurations = (
				3846C5E21CBB97EE007C116A /* Debug */,
				3846C5E31CBB97EE007C116A /* Release */,
			);
			defaultConfigurationIsVisible = 0;
			defaultConfigurationName = Release;
		};
		3846C5E41CBB97EE007C116A /* Build configuration list for PBXNativeTarget "ChronoTir" */ = {
			isa = XCConfigurationList;
			buildConfigurations = (
				3846C5E51CBB97EE007C116A /* Debug */,
				3846C5E61CBB97EE007C116A /* Release */,
			);
			defaultConfigurationIsVisible = 0;
			defaultConfigurationName = Release;
		};
/* End XCConfigurationList section */
	};
	rootObject = 3846C5CA1CBB97ED007C116A /* Project object */;
}
